
Microsoft Visual Studio Solution File, Format Version 12.00
# Visual Studio 15
VisualStudioVersion = 15.0.28307.1340
MinimumVisualStudioVersion = 10.0.40219.1
Project("{FAE04EC0-301F-11D3-BF4B-00C04F79EFBC}") = "E_OKUL_PROJE", "E_OKUL_PROJE\E_OKUL_PROJE.csproj", "{01949F6B-07E2-42A5-A49E-F9E862C48717}"
EndProject
Global
	GlobalSection(SolutionConfigurationPlatforms) = preSolution
		Debug|Any CPU = Debug|Any CPU
		Release|Any CPU = Release|Any CPU
	EndGlobalSection
	GlobalSection(ProjectConfigurationPlatforms) = postSolution
		{01949F6B-07E2-42A5-A49E-F9E862C48717}.Debug|Any CPU.ActiveCfg = Debug|Any CPU
		{01949F6B-07E2-42A5-A49E-F9E862C48717}.Debug|Any CPU.Build.0 = Debug|Any CPU
		{01949F6B-07E2-42A5-A49E-F9E862C48717}.Release|Any CPU.ActiveCfg = Release|Any CPU
		{01949F6B-07E2-42A5-A49E-F9E862C48717}.Release|Any CPU.Build.0 = Release|Any CPU
	EndGlobalSection
	GlobalSection(SolutionProperties) = preSolution
		HideSolutionNode = FALSE
	EndGlobalSection
	GlobalSection(ExtensibilityGlobals) = postSolution
		SolutionGuid = {F3BD01F2-2596-4725-8747-288A44AEB482}
	EndGlobalSection
EndGlobal
